
Microsoft Visual Studio Solution File, Format Version 12.00
# Visual Studio Version 17
VisualStudioVersion = 17.9.34902.65
MinimumVisualStudioVersion = 10.0.40219.1
Project("{FAE04EC0-301F-11D3-BF4B-00C04F79EFBC}") = "WebApplication8", "WebApplication8\WebApplication8.csproj", "{AE5BD04A-C5C6-4B36-9383-CF4EAE8AEA3C}"
EndProject
Global
	GlobalSection(SolutionConfigurationPlatforms) = preSolution
		Debug|Any CPU = Debug|Any CPU
		Release|Any CPU = Release|Any CPU
	EndGlobalSection
	GlobalSection(ProjectConfigurationPlatforms) = postSolution
		{AE5BD04A-C5C6-4B36-9383-CF4EAE8AEA3C}.Debug|Any CPU.ActiveCfg = Debug|Any CPU
		{AE5BD04A-C5C6-4B36-9383-CF4EAE8AEA3C}.Debug|Any CPU.Build.0 = Debug|Any CPU
		{AE5BD04A-C5C6-4B36-9383-CF4EAE8AEA3C}.Release|Any CPU.ActiveCfg = Release|Any CPU
		{AE5BD04A-C5C6-4B36-9383-CF4EAE8AEA3C}.Release|Any CPU.Build.0 = Release|Any CPU
	EndGlobalSection
	GlobalSection(SolutionProperties) = preSolution
		HideSolutionNode = FALSE
	EndGlobalSection
	GlobalSection(ExtensibilityGlobals) = postSolution
		SolutionGuid = {203FF99E-BB0C-4C82-8F92-7E1BBF214837}
	EndGlobalSection
EndGlobal
